
Microsoft Visual Studio Solution File, Format Version 12.00
# Visual Studio Version 17
VisualStudioVersion = 17.9.34728.123
MinimumVisualStudioVersion = 10.0.40219.1
Project("{2150E333-8FDC-42A3-9474-1A3956D46DE8}") = "Services", "Services", "{9FED9614-1AF0-4D16-9BDD-7AB1830C6876}"
EndProject
Project("{2150E333-8FDC-42A3-9474-1A3956D46DE8}") = "Catalog", "Catalog", "{85340662-C314-4C56-80B8-FEE13BFF6CC6}"
EndProject
Project("{9A19103F-16F7-4668-BE54-9A1E7A4F7556}") = "CourseServices.Catalog", "Services\Catalog\CourseServices.Catalog\CourseServices.Catalog.csproj", "{8C80764E-6055-4139-859D-39959910E0EC}"
EndProject
Project("{2150E333-8FDC-42A3-9474-1A3956D46DE8}") = "Solution Items", "Solution Items", "{D4B5207B-C5EE-460E-AAD4-104F72D3BC27}"
	ProjectSection(SolutionItems) = preProject
		Ports.txt = Ports.txt
	EndProjectSection
EndProject
Project("{2150E333-8FDC-42A3-9474-1A3956D46DE8}") = "Shared", "Shared", "{F88CB5E2-1B2D-4158-8652-D7252E5EE2AE}"
EndProject
Project("{FAE04EC0-301F-11D3-BF4B-00C04F79EFBC}") = "Course.Shared", "Shared\Course.Shared\Course.Shared.csproj", "{8CCBF47F-6032-4195-B5A2-02ED2726CA10}"
EndProject
Project("{9A19103F-16F7-4668-BE54-9A1E7A4F7556}") = "Course.SharedNew", "Course.SharedNew\Course.SharedNew.csproj", "{313C5036-17A4-4BA6-BDE5-944F8D8AA77F}"
EndProject
Project("{2150E333-8FDC-42A3-9474-1A3956D46DE8}") = "IdentityServer", "IdentityServer", "{F7F95938-E418-4BD7-A272-C5A53B0DEC10}"
EndProject
Project("{9A19103F-16F7-4668-BE54-9A1E7A4F7556}") = "Course.IdentityServer", "IdentityServer\Course.IdentityServer\Course.IdentityServer.csproj", "{D855138A-E95E-44CB-AC2F-B6AC93540AFF}"
EndProject
Project("{FAE04EC0-301F-11D3-BF4B-00C04F79EFBC}") = "CourseServices.PhotoStock", "Services\PhotoStock\CourseServices.PhotoStock\CourseServices.PhotoStock.csproj", "{1D2798BE-AF58-4988-BE1F-DA3526975775}"
EndProject
Project("{2150E333-8FDC-42A3-9474-1A3956D46DE8}") = "PhotoStock", "PhotoStock", "{39C6FB5C-C4D1-496A-A073-045B8962808E}"
EndProject
Project("{2150E333-8FDC-42A3-9474-1A3956D46DE8}") = "Basket", "Basket", "{FBC341F5-0FFC-4CDC-A199-90D5C3C02DD9}"
EndProject
Project("{FAE04EC0-301F-11D3-BF4B-00C04F79EFBC}") = "CourseServices.Basket", "Services\Basket\CourseServices.Basket\CourseServices.Basket.csproj", "{A9A88B90-875F-40B7-845A-79EA75908280}"
EndProject
Global
	GlobalSection(SolutionConfigurationPlatforms) = preSolution
		Debug|Any CPU = Debug|Any CPU
		Release|Any CPU = Release|Any CPU
	EndGlobalSection
	GlobalSection(ProjectConfigurationPlatforms) = postSolution
		{8C80764E-6055-4139-859D-39959910E0EC}.Debug|Any CPU.ActiveCfg = Debug|Any CPU
		{8C80764E-6055-4139-859D-39959910E0EC}.Debug|Any CPU.Build.0 = Debug|Any CPU
		{8C80764E-6055-4139-859D-39959910E0EC}.Release|Any CPU.ActiveCfg = Release|Any CPU
		{8C80764E-6055-4139-859D-39959910E0EC}.Release|Any CPU.Build.0 = Release|Any CPU
		{8CCBF47F-6032-4195-B5A2-02ED2726CA10}.Debug|Any CPU.ActiveCfg = Debug|Any CPU
		{8CCBF47F-6032-4195-B5A2-02ED2726CA10}.Debug|Any CPU.Build.0 = Debug|Any CPU
		{8CCBF47F-6032-4195-B5A2-02ED2726CA10}.Release|Any CPU.ActiveCfg = Release|Any CPU
		{8CCBF47F-6032-4195-B5A2-02ED2726CA10}.Release|Any CPU.Build.0 = Release|Any CPU
		{313C5036-17A4-4BA6-BDE5-944F8D8AA77F}.Debug|Any CPU.ActiveCfg = Debug|Any CPU
		{313C5036-17A4-4BA6-BDE5-944F8D8AA77F}.Debug|Any CPU.Build.0 = Debug|Any CPU
		{313C5036-17A4-4BA6-BDE5-944F8D8AA77F}.Release|Any CPU.ActiveCfg = Release|Any CPU
		{313C5036-17A4-4BA6-BDE5-944F8D8AA77F}.Release|Any CPU.Build.0 = Release|Any CPU
		{D855138A-E95E-44CB-AC2F-B6AC93540AFF}.Debug|Any CPU.ActiveCfg = Debug|Any CPU
		{D855138A-E95E-44CB-AC2F-B6AC93540AFF}.Debug|Any CPU.Build.0 = Debug|Any CPU
		{D855138A-E95E-44CB-AC2F-B6AC93540AFF}.Release|Any CPU.ActiveCfg = Release|Any CPU
		{D855138A-E95E-44CB-AC2F-B6AC93540AFF}.Release|Any CPU.Build.0 = Release|Any CPU
		{1D2798BE-AF58-4988-BE1F-DA3526975775}.Debug|Any CPU.ActiveCfg = Debug|Any CPU
		{1D2798BE-AF58-4988-BE1F-DA3526975775}.Debug|Any CPU.Build.0 = Debug|Any CPU
		{1D2798BE-AF58-4988-BE1F-DA3526975775}.Release|Any CPU.ActiveCfg = Release|Any CPU
		{1D2798BE-AF58-4988-BE1F-DA3526975775}.Release|Any CPU.Build.0 = Release|Any CPU
		{A9A88B90-875F-40B7-845A-79EA75908280}.Debug|Any CPU.ActiveCfg = Debug|Any CPU
		{A9A88B90-875F-40B7-845A-79EA75908280}.Debug|Any CPU.Build.0 = Debug|Any CPU
		{A9A88B90-875F-40B7-845A-79EA75908280}.Release|Any CPU.ActiveCfg = Release|Any CPU
		{A9A88B90-875F-40B7-845A-79EA75908280}.Release|Any CPU.Build.0 = Release|Any CPU
	EndGlobalSection
	GlobalSection(SolutionProperties) = preSolution
		HideSolutionNode = FALSE
	EndGlobalSection
	GlobalSection(NestedProjects) = preSolution
		{85340662-C314-4C56-80B8-FEE13BFF6CC6} = {9FED9614-1AF0-4D16-9BDD-7AB1830C6876}
		{8C80764E-6055-4139-859D-39959910E0EC} = {85340662-C314-4C56-80B8-FEE13BFF6CC6}
		{8CCBF47F-6032-4195-B5A2-02ED2726CA10} = {F88CB5E2-1B2D-4158-8652-D7252E5EE2AE}
		{313C5036-17A4-4BA6-BDE5-944F8D8AA77F} = {F88CB5E2-1B2D-4158-8652-D7252E5EE2AE}
		{D855138A-E95E-44CB-AC2F-B6AC93540AFF} = {F7F95938-E418-4BD7-A272-C5A53B0DEC10}
		{1D2798BE-AF58-4988-BE1F-DA3526975775} = {39C6FB5C-C4D1-496A-A073-045B8962808E}
		{39C6FB5C-C4D1-496A-A073-045B8962808E} = {9FED9614-1AF0-4D16-9BDD-7AB1830C6876}
		{FBC341F5-0FFC-4CDC-A199-90D5C3C02DD9} = {9FED9614-1AF0-4D16-9BDD-7AB1830C6876}
		{A9A88B90-875F-40B7-845A-79EA75908280} = {FBC341F5-0FFC-4CDC-A199-90D5C3C02DD9}
	EndGlobalSection
	GlobalSection(ExtensibilityGlobals) = postSolution
		SolutionGuid = {90612029-1A94-4C59-BAAF-E183F2D92ADE}
	EndGlobalSection
EndGlobal
